
Microsoft Visual Studio Solution File, Format Version 12.00
# Visual Studio 15
VisualStudioVersion = 15.0.27004.2006
MinimumVisualStudioVersion = 10.0.40219.1
Project("{888888A0-9F3D-457C-B088-3A5042F75D52}") = "Ter$kaBot", "Ter$kaBot\Ter$kaBot.pyproj", "{E542A819-02F9-4D4D-8252-C43E6736CF67}"
EndProject
Global
	GlobalSection(SolutionConfigurationPlatforms) = preSolution
		Debug|Any CPU = Debug|Any CPU
		Release|Any CPU = Release|Any CPU
	EndGlobalSection
	GlobalSection(ProjectConfigurationPlatforms) = postSolution
		{E542A819-02F9-4D4D-8252-C43E6736CF67}.Debug|Any CPU.ActiveCfg = Debug|Any CPU
		{E542A819-02F9-4D4D-8252-C43E6736CF67}.Release|Any CPU.ActiveCfg = Release|Any CPU
	EndGlobalSection
	GlobalSection(SolutionProperties) = preSolution
		HideSolutionNode = FALSE
	EndGlobalSection
	GlobalSection(ExtensibilityGlobals) = postSolution
		SolutionGuid = {88B98C95-8D88-4B9D-86AC-A2C40DFFBA25}
	EndGlobalSection
EndGlobal
